
Microsoft Visual Studio Solution File, Format Version 12.00
# Visual Studio 2012
Project("{FAE04EC0-301F-11D3-BF4B-00C04F79EFBC}") = "Better517Na.LibrayMgr.UI", "Better517Na.WebSQL.UI\Better517Na.LibrayMgr.UI.csproj", "{7D82DEE9-598F-4AF0-8589-25A826658DE3}"
EndProject
Project("{2150E333-8FDC-42A3-9474-1A3956D46DE8}") = "Controllers", "Controllers", "{EA2A8641-F702-4961-88B9-C6D594E3B9DA}"
EndProject
Project("{2150E333-8FDC-42A3-9474-1A3956D46DE8}") = "Models", "Models", "{018DC6B6-D3D9-4F3C-873F-8679952A52CC}"
EndProject
Project("{FAE04EC0-301F-11D3-BF4B-00C04F79EFBC}") = "Better517Na.LibrayMgr.Controllers", "Better517Na.WebSQL.Controllers\Better517Na.LibrayMgr.Controllers.csproj", "{5F0E1693-113E-4839-8AB2-7CBA6B009588}"
EndProject
Project("{FAE04EC0-301F-11D3-BF4B-00C04F79EFBC}") = "Better.Infrastructures.DBUtility", "SqlProvider\Better.Infrastructures.DBUtility.csproj", "{1F7D0FAE-DADB-4482-AFD5-AA6BC9AEB8FC}"
EndProject
Project("{FAE04EC0-301F-11D3-BF4B-00C04F79EFBC}") = "Better517Na.LibrayMgr.Business", "Better517Na.WebSQL.Business\Better517Na.LibrayMgr.Business.csproj", "{7882A014-D71C-4783-A632-2C867B40682E}"
EndProject
Project("{FAE04EC0-301F-11D3-BF4B-00C04F79EFBC}") = "Better517Na.LibrayMgr.DAL", "Better517Na.WebSQL.DAL\Better517Na.LibrayMgr.DAL.csproj", "{770499F0-4432-4F7D-8A04-4BDFBFBB6E04}"
EndProject
Project("{FAE04EC0-301F-11D3-BF4B-00C04F79EFBC}") = "Better517Na.LibrayMgr.IDAL", "Better517Na.WebSQL.IDAL\Better517Na.LibrayMgr.IDAL.csproj", "{A069B182-334A-4B03-97C1-72616BE9EA10}"
EndProject
Project("{FAE04EC0-301F-11D3-BF4B-00C04F79EFBC}") = "Better517Na.LibrayMgr.DALFactory", "Better517Na.WebSQL.Factory\Better517Na.LibrayMgr.DALFactory.csproj", "{B9EDD678-2445-49BE-BEB1-626E995C4F40}"
EndProject
Project("{FAE04EC0-301F-11D3-BF4B-00C04F79EFBC}") = "Better517Na.LibrayMgr.Models", "Better517Na.WebSQL.Models\Better517Na.LibrayMgr.Models.csproj", "{6F978115-5610-4A69-BF06-748582551906}"
EndProject
Project("{FAE04EC0-301F-11D3-BF4B-00C04F79EFBC}") = "Better517Na.LibrayMgr.ConnectionFactory", "Better517Na.WebSQL.ConnectionFactory\Better517Na.LibrayMgr.ConnectionFactory.csproj", "{4C23A7D4-BB8B-41C9-ACE9-E9F89FBB9AD8}"
EndProject
Project("{FAE04EC0-301F-11D3-BF4B-00C04F79EFBC}") = "Better517Na.LibrayMgr.Services", "Better517Na.WebSQL.Services\Better517Na.LibrayMgr.Services.csproj", "{13CCACE1-90FF-40DA-AA25-060763A2D8A2}"
EndProject
Project("{2150E333-8FDC-42A3-9474-1A3956D46DE8}") = "BLL", "BLL", "{0A0D9C14-FA73-4104-866A-F0BEAC04C5F9}"
EndProject
Project("{2150E333-8FDC-42A3-9474-1A3956D46DE8}") = "DAL", "DAL", "{52385978-79BF-4EF6-A669-BFFAF5255388}"
EndProject
Global
	GlobalSection(SolutionConfigurationPlatforms) = preSolution
		Debug|Any CPU = Debug|Any CPU
		Release|Any CPU = Release|Any CPU
	EndGlobalSection
	GlobalSection(ProjectConfigurationPlatforms) = postSolution
		{7D82DEE9-598F-4AF0-8589-25A826658DE3}.Debug|Any CPU.ActiveCfg = Debug|Any CPU
		{7D82DEE9-598F-4AF0-8589-25A826658DE3}.Debug|Any CPU.Build.0 = Debug|Any CPU
		{7D82DEE9-598F-4AF0-8589-25A826658DE3}.Release|Any CPU.ActiveCfg = Release|Any CPU
		{7D82DEE9-598F-4AF0-8589-25A826658DE3}.Release|Any CPU.Build.0 = Release|Any CPU
		{5F0E1693-113E-4839-8AB2-7CBA6B009588}.Debug|Any CPU.ActiveCfg = Debug|Any CPU
		{5F0E1693-113E-4839-8AB2-7CBA6B009588}.Debug|Any CPU.Build.0 = Debug|Any CPU
		{5F0E1693-113E-4839-8AB2-7CBA6B009588}.Release|Any CPU.ActiveCfg = Release|Any CPU
		{5F0E1693-113E-4839-8AB2-7CBA6B009588}.Release|Any CPU.Build.0 = Release|Any CPU
		{1F7D0FAE-DADB-4482-AFD5-AA6BC9AEB8FC}.Debug|Any CPU.ActiveCfg = Debug|Any CPU
		{1F7D0FAE-DADB-4482-AFD5-AA6BC9AEB8FC}.Debug|Any CPU.Build.0 = Debug|Any CPU
		{1F7D0FAE-DADB-4482-AFD5-AA6BC9AEB8FC}.Release|Any CPU.ActiveCfg = Release|Any CPU
		{1F7D0FAE-DADB-4482-AFD5-AA6BC9AEB8FC}.Release|Any CPU.Build.0 = Release|Any CPU
		{7882A014-D71C-4783-A632-2C867B40682E}.Debug|Any CPU.ActiveCfg = Debug|Any CPU
		{7882A014-D71C-4783-A632-2C867B40682E}.Debug|Any CPU.Build.0 = Debug|Any CPU
		{7882A014-D71C-4783-A632-2C867B40682E}.Release|Any CPU.ActiveCfg = Release|Any CPU
		{7882A014-D71C-4783-A632-2C867B40682E}.Release|Any CPU.Build.0 = Release|Any CPU
		{770499F0-4432-4F7D-8A04-4BDFBFBB6E04}.Debug|Any CPU.ActiveCfg = Debug|Any CPU
		{770499F0-4432-4F7D-8A04-4BDFBFBB6E04}.Debug|Any CPU.Build.0 = Debug|Any CPU
		{770499F0-4432-4F7D-8A04-4BDFBFBB6E04}.Release|Any CPU.ActiveCfg = Release|Any CPU
		{770499F0-4432-4F7D-8A04-4BDFBFBB6E04}.Release|Any CPU.Build.0 = Release|Any CPU
		{A069B182-334A-4B03-97C1-72616BE9EA10}.Debug|Any CPU.ActiveCfg = Debug|Any CPU
		{A069B182-334A-4B03-97C1-72616BE9EA10}.Debug|Any CPU.Build.0 = Debug|Any CPU
		{A069B182-334A-4B03-97C1-72616BE9EA10}.Release|Any CPU.ActiveCfg = Release|Any CPU
		{A069B182-334A-4B03-97C1-72616BE9EA10}.Release|Any CPU.Build.0 = Release|Any CPU
		{B9EDD678-2445-49BE-BEB1-626E995C4F40}.Debug|Any CPU.ActiveCfg = Debug|Any CPU
		{B9EDD678-2445-49BE-BEB1-626E995C4F40}.Debug|Any CPU.Build.0 = Debug|Any CPU
		{B9EDD678-2445-49BE-BEB1-626E995C4F40}.Release|Any CPU.ActiveCfg = Release|Any CPU
		{B9EDD678-2445-49BE-BEB1-626E995C4F40}.Release|Any CPU.Build.0 = Release|Any CPU
		{6F978115-5610-4A69-BF06-748582551906}.Debug|Any CPU.ActiveCfg = Debug|Any CPU
		{6F978115-5610-4A69-BF06-748582551906}.Debug|Any CPU.Build.0 = Debug|Any CPU
		{6F978115-5610-4A69-BF06-748582551906}.Release|Any CPU.ActiveCfg = Release|Any CPU
		{6F978115-5610-4A69-BF06-748582551906}.Release|Any CPU.Build.0 = Release|Any CPU
		{4C23A7D4-BB8B-41C9-ACE9-E9F89FBB9AD8}.Debug|Any CPU.ActiveCfg = Debug|Any CPU
		{4C23A7D4-BB8B-41C9-ACE9-E9F89FBB9AD8}.Debug|Any CPU.Build.0 = Debug|Any CPU
		{4C23A7D4-BB8B-41C9-ACE9-E9F89FBB9AD8}.Release|Any CPU.ActiveCfg = Release|Any CPU
		{4C23A7D4-BB8B-41C9-ACE9-E9F89FBB9AD8}.Release|Any CPU.Build.0 = Release|Any CPU
		{13CCACE1-90FF-40DA-AA25-060763A2D8A2}.Debug|Any CPU.ActiveCfg = Debug|Any CPU
		{13CCACE1-90FF-40DA-AA25-060763A2D8A2}.Debug|Any CPU.Build.0 = Debug|Any CPU
		{13CCACE1-90FF-40DA-AA25-060763A2D8A2}.Release|Any CPU.ActiveCfg = Release|Any CPU
		{13CCACE1-90FF-40DA-AA25-060763A2D8A2}.Release|Any CPU.Build.0 = Release|Any CPU
	EndGlobalSection
	GlobalSection(SolutionProperties) = preSolution
		HideSolutionNode = FALSE
	EndGlobalSection
	GlobalSection(NestedProjects) = preSolution
		{5F0E1693-113E-4839-8AB2-7CBA6B009588} = {EA2A8641-F702-4961-88B9-C6D594E3B9DA}
		{52385978-79BF-4EF6-A669-BFFAF5255388} = {018DC6B6-D3D9-4F3C-873F-8679952A52CC}
		{0A0D9C14-FA73-4104-866A-F0BEAC04C5F9} = {018DC6B6-D3D9-4F3C-873F-8679952A52CC}
		{6F978115-5610-4A69-BF06-748582551906} = {018DC6B6-D3D9-4F3C-873F-8679952A52CC}
		{13CCACE1-90FF-40DA-AA25-060763A2D8A2} = {018DC6B6-D3D9-4F3C-873F-8679952A52CC}
		{770499F0-4432-4F7D-8A04-4BDFBFBB6E04} = {52385978-79BF-4EF6-A669-BFFAF5255388}
		{A069B182-334A-4B03-97C1-72616BE9EA10} = {52385978-79BF-4EF6-A669-BFFAF5255388}
		{1F7D0FAE-DADB-4482-AFD5-AA6BC9AEB8FC} = {52385978-79BF-4EF6-A669-BFFAF5255388}
		{B9EDD678-2445-49BE-BEB1-626E995C4F40} = {0A0D9C14-FA73-4104-866A-F0BEAC04C5F9}
		{4C23A7D4-BB8B-41C9-ACE9-E9F89FBB9AD8} = {0A0D9C14-FA73-4104-866A-F0BEAC04C5F9}
		{7882A014-D71C-4783-A632-2C867B40682E} = {0A0D9C14-FA73-4104-866A-F0BEAC04C5F9}
	EndGlobalSection
EndGlobal
